<?xml version="1.0" encoding="utf-8"?>
<Project ToolsVersion="4.0" xmlns="http://schemas.microsoft.com/developer/msbuild/2003">
  <ItemGroup>
    <Filter Include="Source Files">
      <UniqueIdentifier>{4FC737F1-C7A5-4376-A066-2A32D752A2FF}</UniqueIdentifier>
      <Extensions>cpp;c;cc;cxx;c++;cppm;ixx;def;odl;idl;hpj;bat;asm;asmx</Extensions>
    </Filter>
    <Filter Include="Header Files">
      <UniqueIdentifier>{93995380-89BD-4b04-88EB-625FBE52EBFB}</UniqueIdentifier>
      <Extensions>h;hh;hpp;hxx;h++;hm;inl;inc;ipp;xsd</Extensions>
    </Filter>
  </ItemGroup>
  <ItemGroup>
    <ClCompile Include="PremierLeagueSim.cc">
      <Filter>Source Files</Filter>
    </ClCompile>
    <ClCompile Include="hfduval.cc">
      <Filter>Source Files</Filter>
    </ClCompile>
    <ClCompile Include="Match.cc">
      <Filter>Source Files</Filter>
    </ClCompile>
    <ClCompile Include="Matchdays.cc">
      <Filter>Source Files</Filter>
    </ClCompile>
    <ClCompile Include="Team.cc">
      <Filter>Source Files</Filter>
    </ClCompile>
    <ClCompile Include="Club.cpp">
      <Filter>Source Files</Filter>
    </ClCompile>
  </ItemGroup>
  <ItemGroup>
    <ClInclude Include="Team.h">
      <Filter>Header Files</Filter>
    </ClInclude>
    <ClInclude Include="hfduval.h">
      <Filter>Header Files</Filter>
    </ClInclude>
    <ClInclude Include="Match.h">
      <Filter>Header Files</Filter>
    </ClInclude>
    <ClInclude Include="Matchdays.h">
      <Filter>Header Files</Filter>
    </ClInclude>
    <ClInclude Include="Tstructs.h">
      <Filter>Header Files</Filter>
    </ClInclude>
    <ClInclude Include="Club.h">
      <Filter>Header Files</Filter>
    </ClInclude>
  </ItemGroup>
</Project>